
Microsoft Visual Studio Solution File, Format Version 12.00
# Visual Studio Version 16
VisualStudioVersion = 16.0.29123.88
MinimumVisualStudioVersion = 10.0.40219.1
Project("{FAE04EC0-301F-11D3-BF4B-00C04F79EFBC}") = "WindowsFormsApp1", "WindowsFormsApp1\WindowsFormsApp1.csproj", "{4D85667F-04C5-4F6F-8F73-5BCC14F4CAEF}"
EndProject
Global
	GlobalSection(SolutionConfigurationPlatforms) = preSolution
		Debug|Any CPU = Debug|Any CPU
		Release|Any CPU = Release|Any CPU
	EndGlobalSection
	GlobalSection(ProjectConfigurationPlatforms) = postSolution
		{4D85667F-04C5-4F6F-8F73-5BCC14F4CAEF}.Debug|Any CPU.ActiveCfg = Debug|Any CPU
		{4D85667F-04C5-4F6F-8F73-5BCC14F4CAEF}.Debug|Any CPU.Build.0 = Debug|Any CPU
		{4D85667F-04C5-4F6F-8F73-5BCC14F4CAEF}.Release|Any CPU.ActiveCfg = Release|Any CPU
		{4D85667F-04C5-4F6F-8F73-5BCC14F4CAEF}.Release|Any CPU.Build.0 = Release|Any CPU
	EndGlobalSection
	GlobalSection(SolutionProperties) = preSolution
		HideSolutionNode = FALSE
	EndGlobalSection
	GlobalSection(ExtensibilityGlobals) = postSolution
		SolutionGuid = {424EEB92-751C-4517-9FD6-99DA4F6B11A0}
	EndGlobalSection
EndGlobal
